
Microsoft Visual Studio Solution File, Format Version 12.00
# Visual Studio 15
VisualStudioVersion = 15.0.28307.852
MinimumVisualStudioVersion = 10.0.40219.1
Project("{888888A0-9F3D-457C-B088-3A5042F75D52}") = "MazeGenerator", "MazeGenerator\MazeGenerator.pyproj", "{12A0787A-69B1-4D2A-B5B6-4DF17891017C}"
EndProject
Global
	GlobalSection(SolutionConfigurationPlatforms) = preSolution
		Debug|Any CPU = Debug|Any CPU
		Release|Any CPU = Release|Any CPU
	EndGlobalSection
	GlobalSection(ProjectConfigurationPlatforms) = postSolution
		{12A0787A-69B1-4D2A-B5B6-4DF17891017C}.Debug|Any CPU.ActiveCfg = Debug|Any CPU
		{12A0787A-69B1-4D2A-B5B6-4DF17891017C}.Release|Any CPU.ActiveCfg = Release|Any CPU
	EndGlobalSection
	GlobalSection(SolutionProperties) = preSolution
		HideSolutionNode = FALSE
	EndGlobalSection
	GlobalSection(ExtensibilityGlobals) = postSolution
		SolutionGuid = {45079A0D-3F4E-44B9-AF2A-1E4C002C1688}
	EndGlobalSection
EndGlobal
